<?xml version="1.0" encoding="UTF-8"?>
<Scheme
   LastUpgradeVersion = "2650"
   version = "1.7">
   <BuildAction
      parallelizeBuildables = "YES"
      buildImplicitDependencies = "YES"
      buildArchitectures = "Automatic">
      <BuildActionEntries>
         <BuildActionEntry
            buildForTesting = "YES"
            buildForRunning = "YES"
            buildForProfiling = "YES"
            buildForArchiving = "NO"
            buildForAnalyzing = "YES">
            <BuildableReference
               BuildableIdentifier = "primary"
               BlueprintIdentifier = "620B14DF2FCF75280090AFAB"
               BuildableName = "Astro.app"
               BlueprintName = "Astro"
               ReferencedContainer = "container:Astro.xcodeproj">
            </BuildableReference>
         </BuildActionEntry>
      </BuildActionEntries>
   </BuildAction>
   <TestAction
      buildConfiguration = "Debug"
      selectedDebuggerIdentifier = "Xcode.DebuggerFoundation.Debugger.LLDB"
      selectedLauncherIdentifier = "Xcode.DebuggerFoundation.Launcher.LLDB"
      shouldUseLaunchSchemeArgsEnv = "YES"
      shouldAutocreateTestPlan = "YES">
   </TestAction>
   <LaunchAction
      buildConfiguration = "Debug"
      selectedDebuggerIdentifier = "Xcode.DebuggerFoundation.Debugger.LLDB"
      selectedLauncherIdentifier = "Xcode.DebuggerFoundation.Launcher.LLDB"
      language = "fr"
      launchStyle = "0"
      useCustomWorkingDirectory = "NO"
      ignoresPersistentStateOnLaunch = "NO"
      debugDocumentVersioning = "YES"
      debugServiceExtension = "internal"
      allowLocationSimulation = "NO"
      queueDebuggingEnableBacktraceRecording = "Yes">
      <BuildableProductRunnable
         runnableDebuggingMode = "0">
         <BuildableReference
            BuildableIdentifier = "primary"
            BlueprintIdentifier = "620B14DF2FCF75280090AFAB"
            BuildableName = "Astro.app"
            BlueprintName = "Astro"
            ReferencedContainer = "container:Astro.xcodeproj">
         </BuildableReference>
      </BuildableProductRunnable>
      <CommandLineArguments>
         <CommandLineArgument
            argument = "--screenshot-mode"
            isEnabled = "YES">
         </CommandLineArgument>
         <CommandLineArgument
            argument = "--screenshot-satellite-minutes-after-epoch=100"
            isEnabled = "YES">
         </CommandLineArgument>
         <CommandLineArgument
            argument = "--screenshot-camera-latitude=45.5"
            isEnabled = "NO">
         </CommandLineArgument>
         <CommandLineArgument
            argument = "--screenshot-camera-longitude=-75.5"
            isEnabled = "NO">
         </CommandLineArgument>
         <CommandLineArgument
            argument = "--screenshot-camera-zoom=3"
            isEnabled = "YES">
         </CommandLineArgument>
         <CommandLineArgument
            argument = "--screenshot-camera-bearing=10"
            isEnabled = "YES">
         </CommandLineArgument>
         <CommandLineArgument
            argument = "--screenshot-camera-pitch=35"
            isEnabled = "YES">
         </CommandLineArgument>
      </CommandLineArguments>
      <StoreKitConfigurationFileReference
         identifier = "../../Astro/AstroStore-TestFlight.storekit">
      </StoreKitConfigurationFileReference>
   </LaunchAction>
   <ProfileAction
      buildConfiguration = "Release"
      shouldUseLaunchSchemeArgsEnv = "YES"
      savedToolIdentifier = ""
      useCustomWorkingDirectory = "NO"
      debugDocumentVersioning = "YES">
      <BuildableProductRunnable
         runnableDebuggingMode = "0">
         <BuildableReference
            BuildableIdentifier = "primary"
            BlueprintIdentifier = "620B14DF2FCF75280090AFAB"
            BuildableName = "Astro.app"
            BlueprintName = "Astro"
            ReferencedContainer = "container:Astro.xcodeproj">
         </BuildableReference>
      </BuildableProductRunnable>
   </ProfileAction>
   <AnalyzeAction
      buildConfiguration = "Debug">
   </AnalyzeAction>
   <ArchiveAction
      buildConfiguration = "Release"
      revealArchiveInOrganizer = "YES">
   </ArchiveAction>
</Scheme>
