// !$*UTF8*$!
{
	archiveVersion = 1;
	classes = {
	};
	objectVersion = 77;
	objects = {

/* Begin PBXBuildFile section */
		620B153F2FD054A30090AFAB /* Auth in Frameworks */ = {isa = PBXBuildFile; productRef = 620B153E2FD054A30090AFAB /* Auth */; };
		620B15412FD054A30090AFAB /* PostgREST in Frameworks */ = {isa = PBXBuildFile; productRef = 620B15402FD054A30090AFAB /* PostgREST */; };
		620B15432FD054A30090AFAB /* Storage in Frameworks */ = {isa = PBXBuildFile; productRef = 620B15422FD054A30090AFAB /* Storage */; };
		620B15452FD054A30090AFAB /* Supabase in Frameworks */ = {isa = PBXBuildFile; productRef = 620B15442FD054A30090AFAB /* Supabase */; };
		620B15482FD055600090AFAB /* Apollo in Frameworks */ = {isa = PBXBuildFile; productRef = 620B15472FD055600090AFAB /* Apollo */; };
/* End PBXBuildFile section */

/* Begin PBXContainerItemProxy section */
		620B14EE2FCF75290090AFAB /* PBXContainerItemProxy */ = {
			isa = PBXContainerItemProxy;
			containerPortal = 620B14D82FCF75280090AFAB /* Project object */;
			proxyType = 1;
			remoteGlobalIDString = 620B14DF2FCF75280090AFAB;
			remoteInfo = Astro;
		};
		620B14F82FCF75290090AFAB /* PBXContainerItemProxy */ = {
			isa = PBXContainerItemProxy;
			containerPortal = 620B14D82FCF75280090AFAB /* Project object */;
			proxyType = 1;
			remoteGlobalIDString = 620B14DF2FCF75280090AFAB;
			remoteInfo = Astro;
		};
/* End PBXContainerItemProxy section */

/* Begin PBXFileReference section */
		620B14E02FCF75280090AFAB /* Astro.app */ = {isa = PBXFileReference; explicitFileType = wrapper.application; includeInIndex = 0; path = Astro.app; sourceTree = BUILT_PRODUCTS_DIR; };
		620B14ED2FCF75290090AFAB /* AstroTests.xctest */ = {isa = PBXFileReference; explicitFileType = wrapper.cfbundle; includeInIndex = 0; path = AstroTests.xctest; sourceTree = BUILT_PRODUCTS_DIR; };
		620B14F72FCF75290090AFAB /* AstroUITests.xctest */ = {isa = PBXFileReference; explicitFileType = wrapper.cfbundle; includeInIndex = 0; path = AstroUITests.xctest; sourceTree = BUILT_PRODUCTS_DIR; };
/* End PBXFileReference section */

/* Begin PBXFileSystemSynchronizedBuildFileExceptionSet section */
		620B15102FCF7D020090AFAB /* Exceptions for "Astro" folder in "Astro" target */ = {
			isa = PBXFileSystemSynchronizedBuildFileExceptionSet;
			membershipExceptions = (
				Info.plist,
				resources/ConfigRelease.xcconfig,
			);
			target = 620B14DF2FCF75280090AFAB /* Astro */;
		};
/* End PBXFileSystemSynchronizedBuildFileExceptionSet section */

/* Begin PBXFileSystemSynchronizedGroupBuildPhaseMembershipExceptionSet section */
		620B15112FCF7D020090AFAB /* Exceptions for "Astro" folder in "Compile Sources" phase from "Astro" target */ = {
			isa = PBXFileSystemSynchronizedGroupBuildPhaseMembershipExceptionSet;
			buildPhase = 620B14DC2FCF75280090AFAB /* Sources */;
			membershipExceptions = (
				resources/ConfigRelease.xcconfig,
			);
		};
/* End PBXFileSystemSynchronizedGroupBuildPhaseMembershipExceptionSet section */

/* Begin PBXFileSystemSynchronizedRootGroup section */
		620B14E22FCF75280090AFAB /* Astro */ = {
			isa = PBXFileSystemSynchronizedRootGroup;
			exceptions = (
				620B15102FCF7D020090AFAB /* Exceptions for "Astro" folder in "Astro" target */,
				620B15112FCF7D020090AFAB /* Exceptions for "Astro" folder in "Compile Sources" phase from "Astro" target */,
			);
			path = Astro;
			sourceTree = "<group>";
		};
		620B14F02FCF75290090AFAB /* AstroTests */ = {
			isa = PBXFileSystemSynchronizedRootGroup;
			path = AstroTests;
			sourceTree = "<group>";
		};
		620B14FA2FCF75290090AFAB /* AstroUITests */ = {
			isa = PBXFileSystemSynchronizedRootGroup;
			path = AstroUITests;
			sourceTree = "<group>";
		};
/* End PBXFileSystemSynchronizedRootGroup section */

/* Begin PBXFrameworksBuildPhase section */
		620B14DD2FCF75280090AFAB /* Frameworks */ = {
			isa = PBXFrameworksBuildPhase;
			buildActionMask = 2147483647;
			files = (
				620B15482FD055600090AFAB /* Apollo in Frameworks */,
				620B15452FD054A30090AFAB /* Supabase in Frameworks */,
				620B15432FD054A30090AFAB /* Storage in Frameworks */,
				620B15412FD054A30090AFAB /* PostgREST in Frameworks */,
				620B153F2FD054A30090AFAB /* Auth in Frameworks */,
			);
			runOnlyForDeploymentPostprocessing = 0;
		};
		620B14EA2FCF75290090AFAB /* Frameworks */ = {
			isa = PBXFrameworksBuildPhase;
			buildActionMask = 2147483647;
			files = (
			);
			runOnlyForDeploymentPostprocessing = 0;
		};
		620B14F42FCF75290090AFAB /* Frameworks */ = {
			isa = PBXFrameworksBuildPhase;
			buildActionMask = 2147483647;
			files = (
			);
			runOnlyForDeploymentPostprocessing = 0;
		};
/* End PBXFrameworksBuildPhase section */

/* Begin PBXGroup section */
		620B14D72FCF75280090AFAB = {
			isa = PBXGroup;
			children = (
				620B14E22FCF75280090AFAB /* Astro */,
				620B14F02FCF75290090AFAB /* AstroTests */,
				620B14FA2FCF75290090AFAB /* AstroUITests */,
				620B14E12FCF75280090AFAB /* Products */,
			);
			sourceTree = "<group>";
		};
		620B14E12FCF75280090AFAB /* Products */ = {
			isa = PBXGroup;
			children = (
				620B14E02FCF75280090AFAB /* Astro.app */,
				620B14ED2FCF75290090AFAB /* AstroTests.xctest */,
				620B14F72FCF75290090AFAB /* AstroUITests.xctest */,
			);
			name = Products;
			sourceTree = "<group>";
		};
/* End PBXGroup section */

/* Begin PBXNativeTarget section */
		620B14DF2FCF75280090AFAB /* Astro */ = {
			isa = PBXNativeTarget;
			buildConfigurationList = 620B15012FCF75290090AFAB /* Build configuration list for PBXNativeTarget "Astro" */;
			buildPhases = (
				620B14DC2FCF75280090AFAB /* Sources */,
				620B14DD2FCF75280090AFAB /* Frameworks */,
				620B14DE2FCF75280090AFAB /* Resources */,
			);
			buildRules = (
			);
			dependencies = (
			);
			fileSystemSynchronizedGroups = (
				620B14E22FCF75280090AFAB /* Astro */,
			);
			name = Astro;
			packageProductDependencies = (
				620B153E2FD054A30090AFAB /* Auth */,
				620B15402FD054A30090AFAB /* PostgREST */,
				620B15422FD054A30090AFAB /* Storage */,
				620B15442FD054A30090AFAB /* Supabase */,
				620B15472FD055600090AFAB /* Apollo */,
			);
			productName = Astro;
			productReference = 620B14E02FCF75280090AFAB /* Astro.app */;
			productType = "com.apple.product-type.application";
		};
		620B14EC2FCF75290090AFAB /* AstroTests */ = {
			isa = PBXNativeTarget;
			buildConfigurationList = 620B15042FCF75290090AFAB /* Build configuration list for PBXNativeTarget "AstroTests" */;
			buildPhases = (
				620B14E92FCF75290090AFAB /* Sources */,
				620B14EA2FCF75290090AFAB /* Frameworks */,
				620B14EB2FCF75290090AFAB /* Resources */,
			);
			buildRules = (
			);
			dependencies = (
				620B14EF2FCF75290090AFAB /* PBXTargetDependency */,
			);
			fileSystemSynchronizedGroups = (
				620B14F02FCF75290090AFAB /* AstroTests */,
			);
			name = AstroTests;
			packageProductDependencies = (
			);
			productName = AstroTests;
			productReference = 620B14ED2FCF75290090AFAB /* AstroTests.xctest */;
			productType = "com.apple.product-type.bundle.unit-test";
		};
		620B14F62FCF75290090AFAB /* AstroUITests */ = {
			isa = PBXNativeTarget;
			buildConfigurationList = 620B15072FCF75290090AFAB /* Build configuration list for PBXNativeTarget "AstroUITests" */;
			buildPhases = (
				620B14F32FCF75290090AFAB /* Sources */,
				620B14F42FCF75290090AFAB /* Frameworks */,
				620B14F52FCF75290090AFAB /* Resources */,
			);
			buildRules = (
			);
			dependencies = (
				620B14F92FCF75290090AFAB /* PBXTargetDependency */,
			);
			fileSystemSynchronizedGroups = (
				620B14FA2FCF75290090AFAB /* AstroUITests */,
			);
			name = AstroUITests;
			packageProductDependencies = (
			);
			productName = AstroUITests;
			productReference = 620B14F72FCF75290090AFAB /* AstroUITests.xctest */;
			productType = "com.apple.product-type.bundle.ui-testing";
		};
/* End PBXNativeTarget section */

/* Begin PBXProject section */
		620B14D82FCF75280090AFAB /* Project object */ = {
			isa = PBXProject;
			attributes = {
				BuildIndependentTargetsInParallel = 1;
				LastSwiftUpdateCheck = 2650;
				LastUpgradeCheck = 2650;
				TargetAttributes = {
					620B14DF2FCF75280090AFAB = {
						CreatedOnToolsVersion = 26.5;
					};
					620B14EC2FCF75290090AFAB = {
						CreatedOnToolsVersion = 26.5;
						TestTargetID = 620B14DF2FCF75280090AFAB;
					};
					620B14F62FCF75290090AFAB = {
						CreatedOnToolsVersion = 26.5;
						TestTargetID = 620B14DF2FCF75280090AFAB;
					};
				};
			};
			buildConfigurationList = 620B14DB2FCF75280090AFAB /* Build configuration list for PBXProject "Astro" */;
			developmentRegion = en;
			hasScannedForEncodings = 0;
			knownRegions = (
				en,
				Base,
			);
			mainGroup = 620B14D72FCF75280090AFAB;
			minimizedProjectReferenceProxies = 1;
			packageReferences = (
				620B153D2FD054A30090AFAB /* XCRemoteSwiftPackageReference "supabase-swift" */,
				620B15462FD055600090AFAB /* XCRemoteSwiftPackageReference "apollo-ios" */,
			);
			preferredProjectObjectVersion = 77;
			productRefGroup = 620B14E12FCF75280090AFAB /* Products */;
			projectDirPath = "";
			projectRoot = "";
			targets = (
				620B14DF2FCF75280090AFAB /* Astro */,
				620B14EC2FCF75290090AFAB /* AstroTests */,
				620B14F62FCF75290090AFAB /* AstroUITests */,
			);
		};
/* End PBXProject section */

/* Begin PBXResourcesBuildPhase section */
		620B14DE2FCF75280090AFAB /* Resources */ = {
			isa = PBXResourcesBuildPhase;
			buildActionMask = 2147483647;
			files = (
			);
			runOnlyForDeploymentPostprocessing = 0;
		};
		620B14EB2FCF75290090AFAB /* Resources */ = {
			isa = PBXResourcesBuildPhase;
			buildActionMask = 2147483647;
			files = (
			);
			runOnlyForDeploymentPostprocessing = 0;
		};
		620B14F52FCF75290090AFAB /* Resources */ = {
			isa = PBXResourcesBuildPhase;
			buildActionMask = 2147483647;
			files = (
			);
			runOnlyForDeploymentPostprocessing = 0;
		};
/* End PBXResourcesBuildPhase section */

/* Begin PBXSourcesBuildPhase section */
		620B14DC2FCF75280090AFAB /* Sources */ = {
			isa = PBXSourcesBuildPhase;
			buildActionMask = 2147483647;
			files = (
			);
			runOnlyForDeploymentPostprocessing = 0;
		};
		620B14E92FCF75290090AFAB /* Sources */ = {
			isa = PBXSourcesBuildPhase;
			buildActionMask = 2147483647;
			files = (
			);
			runOnlyForDeploymentPostprocessing = 0;
		};
		620B14F32FCF75290090AFAB /* Sources */ = {
			isa = PBXSourcesBuildPhase;
			buildActionMask = 2147483647;
			files = (
			);
			runOnlyForDeploymentPostprocessing = 0;
		};
/* End PBXSourcesBuildPhase section */

/* Begin PBXTargetDependency section */
		620B14EF2FCF75290090AFAB /* PBXTargetDependency */ = {
			isa = PBXTargetDependency;
			target = 620B14DF2FCF75280090AFAB /* Astro */;
			targetProxy = 620B14EE2FCF75290090AFAB /* PBXContainerItemProxy */;
		};
		620B14F92FCF75290090AFAB /* PBXTargetDependency */ = {
			isa = PBXTargetDependency;
			target = 620B14DF2FCF75280090AFAB /* Astro */;
			targetProxy = 620B14F82FCF75290090AFAB /* PBXContainerItemProxy */;
		};
/* End PBXTargetDependency section */

/* Begin XCBuildConfiguration section */
		620B14FF2FCF75290090AFAB /* Debug */ = {
			isa = XCBuildConfiguration;
			baseConfigurationReferenceAnchor = 620B14E22FCF75280090AFAB /* Astro */;
			baseConfigurationReferenceRelativePath = resources/ConfigDev.xcconfig;
			buildSettings = {
				ALWAYS_SEARCH_USER_PATHS = NO;
				ASSETCATALOG_COMPILER_GENERATE_SWIFT_ASSET_SYMBOL_EXTENSIONS = YES;
				CLANG_ANALYZER_NONNULL = YES;
				CLANG_ANALYZER_NUMBER_OBJECT_CONVERSION = YES_AGGRESSIVE;
				CLANG_CXX_LANGUAGE_STANDARD = "gnu++20";
				CLANG_ENABLE_MODULES = YES;
				CLANG_ENABLE_OBJC_ARC = YES;
				CLANG_ENABLE_OBJC_WEAK = YES;
				CLANG_WARN_BLOCK_CAPTURE_AUTORELEASING = YES;
				CLANG_WARN_BOOL_CONVERSION = YES;
				CLANG_WARN_COMMA = YES;
				CLANG_WARN_CONSTANT_CONVERSION = YES;
				CLANG_WARN_DEPRECATED_OBJC_IMPLEMENTATIONS = YES;
				CLANG_WARN_DIRECT_OBJC_ISA_USAGE = YES_ERROR;
				CLANG_WARN_DOCUMENTATION_COMMENTS = YES;
				CLANG_WARN_EMPTY_BODY = YES;
				CLANG_WARN_ENUM_CONVERSION = YES;
				CLANG_WARN_INFINITE_RECURSION = YES;
				CLANG_WARN_INT_CONVERSION = YES;
				CLANG_WARN_NON_LITERAL_NULL_CONVERSION = YES;
				CLANG_WARN_OBJC_IMPLICIT_RETAIN_SELF = YES;
				CLANG_WARN_OBJC_LITERAL_CONVERSION = YES;
				CLANG_WARN_OBJC_ROOT_CLASS = YES_ERROR;
				CLANG_WARN_QUOTED_INCLUDE_IN_FRAMEWORK_HEADER = YES;
				CLANG_WARN_RANGE_LOOP_ANALYSIS = YES;
				CLANG_WARN_STRICT_PROTOTYPES = YES;
				CLANG_WARN_SUSPICIOUS_MOVE = YES;
				CLANG_WARN_UNGUARDED_AVAILABILITY = YES_AGGRESSIVE;
				CLANG_WARN_UNREACHABLE_CODE = YES;
				CLANG_WARN__DUPLICATE_METHOD_MATCH = YES;
				COPY_PHASE_STRIP = NO;
				DEBUG_INFORMATION_FORMAT = dwarf;
				DEVELOPMENT_TEAM = LLT44AL679;
				ENABLE_STRICT_OBJC_MSGSEND = YES;
				ENABLE_TESTABILITY = YES;
				ENABLE_USER_SCRIPT_SANDBOXING = YES;
				GCC_C_LANGUAGE_STANDARD = gnu17;
				GCC_DYNAMIC_NO_PIC = NO;
				GCC_NO_COMMON_BLOCKS = YES;
				GCC_OPTIMIZATION_LEVEL = 0;
				GCC_PREPROCESSOR_DEFINITIONS = (
					"DEBUG=1",
					"$(inherited)",
				);
				GCC_WARN_64_TO_32_BIT_CONVERSION = YES;
				GCC_WARN_ABOUT_RETURN_TYPE = YES_ERROR;
				GCC_WARN_UNDECLARED_SELECTOR = YES;
				GCC_WARN_UNINITIALIZED_AUTOS = YES_AGGRESSIVE;
				GCC_WARN_UNUSED_FUNCTION = YES;
				GCC_WARN_UNUSED_VARIABLE = YES;
				LOCALIZATION_PREFERS_STRING_CATALOGS = YES;
				MACOSX_DEPLOYMENT_TARGET = 26.5;
				MTL_ENABLE_DEBUG_INFO = INCLUDE_SOURCE;
				MTL_FAST_MATH = YES;
				ONLY_ACTIVE_ARCH = YES;
				SDKROOT = macosx;
				SWIFT_ACTIVE_COMPILATION_CONDITIONS = "DEBUG $(inherited)";
				SWIFT_OPTIMIZATION_LEVEL = "-Onone";
			};
			name = Debug;
		};
		620B15002FCF75290090AFAB /* Release */ = {
			isa = XCBuildConfiguration;
			baseConfigurationReferenceAnchor = 620B14E22FCF75280090AFAB /* Astro */;
			baseConfigurationReferenceRelativePath = resources/ConfigRelease.xcconfig;
			buildSettings = {
				ALWAYS_SEARCH_USER_PATHS = NO;
				ASSETCATALOG_COMPILER_GENERATE_SWIFT_ASSET_SYMBOL_EXTENSIONS = YES;
				CLANG_ANALYZER_NONNULL = YES;
				CLANG_ANALYZER_NUMBER_OBJECT_CONVERSION = YES_AGGRESSIVE;
				CLANG_CXX_LANGUAGE_STANDARD = "gnu++20";
				CLANG_ENABLE_MODULES = YES;
				CLANG_ENABLE_OBJC_ARC = YES;
				CLANG_ENABLE_OBJC_WEAK = YES;
				CLANG_WARN_BLOCK_CAPTURE_AUTORELEASING = YES;
				CLANG_WARN_BOOL_CONVERSION = YES;
				CLANG_WARN_COMMA = YES;
				CLANG_WARN_CONSTANT_CONVERSION = YES;
				CLANG_WARN_DEPRECATED_OBJC_IMPLEMENTATIONS = YES;
				CLANG_WARN_DIRECT_OBJC_ISA_USAGE = YES_ERROR;
				CLANG_WARN_DOCUMENTATION_COMMENTS = YES;
				CLANG_WARN_EMPTY_BODY = YES;
				CLANG_WARN_ENUM_CONVERSION = YES;
				CLANG_WARN_INFINITE_RECURSION = YES;
				CLANG_WARN_INT_CONVERSION = YES;
				CLANG_WARN_NON_LITERAL_NULL_CONVERSION = YES;
				CLANG_WARN_OBJC_IMPLICIT_RETAIN_SELF = YES;
				CLANG_WARN_OBJC_LITERAL_CONVERSION = YES;
				CLANG_WARN_OBJC_ROOT_CLASS = YES_ERROR;
				CLANG_WARN_QUOTED_INCLUDE_IN_FRAMEWORK_HEADER = YES;
				CLANG_WARN_RANGE_LOOP_ANALYSIS = YES;
				CLANG_WARN_STRICT_PROTOTYPES = YES;
				CLANG_WARN_SUSPICIOUS_MOVE = YES;
				CLANG_WARN_UNGUARDED_AVAILABILITY = YES_AGGRESSIVE;
				CLANG_WARN_UNREACHABLE_CODE = YES;
				CLANG_WARN__DUPLICATE_METHOD_MATCH = YES;
				COPY_PHASE_STRIP = NO;
				DEBUG_INFORMATION_FORMAT = "dwarf-with-dsym";
				DEVELOPMENT_TEAM = LLT44AL679;
				ENABLE_NS_ASSERTIONS = NO;
				ENABLE_STRICT_OBJC_MSGSEND = YES;
				ENABLE_USER_SCRIPT_SANDBOXING = YES;
				GCC_C_LANGUAGE_STANDARD = gnu17;
				GCC_NO_COMMON_BLOCKS = YES;
				GCC_WARN_64_TO_32_BIT_CONVERSION = YES;
				GCC_WARN_ABOUT_RETURN_TYPE = YES_ERROR;
				GCC_WARN_UNDECLARED_SELECTOR = YES;
				GCC_WARN_UNINITIALIZED_AUTOS = YES_AGGRESSIVE;
				GCC_WARN_UNUSED_FUNCTION = YES;
				GCC_WARN_UNUSED_VARIABLE = YES;
				LOCALIZATION_PREFERS_STRING_CATALOGS = YES;
				MACOSX_DEPLOYMENT_TARGET = 26.5;
				MTL_ENABLE_DEBUG_INFO = NO;
				MTL_FAST_MATH = YES;
				SDKROOT = macosx;
				SWIFT_COMPILATION_MODE = wholemodule;
			};
			name = Release;
		};
		620B15022FCF75290090AFAB /* Debug */ = {
			isa = XCBuildConfiguration;
			baseConfigurationReferenceAnchor = 620B14E22FCF75280090AFAB /* Astro */;
			baseConfigurationReferenceRelativePath = resources/ConfigDev.xcconfig;
			buildSettings = {
				ASSETCATALOG_COMPILER_APPICON_NAME = AppIcon;
				ASSETCATALOG_COMPILER_GLOBAL_ACCENT_COLOR_NAME = AccentColor;
				CODE_SIGN_STYLE = Automatic;
				COMBINE_HIDPI_IMAGES = YES;
				CURRENT_PROJECT_VERSION = 1;
				DEVELOPMENT_TEAM = LLT44AL679;
				ENABLE_APP_SANDBOX = YES;
				ENABLE_HARDENED_RUNTIME = YES;
				ENABLE_PREVIEWS = YES;
				ENABLE_USER_SELECTED_FILES = readonly;
				GENERATE_INFOPLIST_FILE = YES;
				INFOPLIST_FILE = Astro/Info.plist;
				INFOPLIST_KEY_LSApplicationCategoryType = "public.app-category.news";
				INFOPLIST_KEY_NSHumanReadableCopyright = "";
				LD_RUNPATH_SEARCH_PATHS = (
					"$(inherited)",
					"@executable_path/../Frameworks",
				);
				MACOSX_DEPLOYMENT_TARGET = 26.0;
				MARKETING_VERSION = 1.0;
				PRODUCT_BUNDLE_IDENTIFIER = com.mlr.Astro;
				PRODUCT_NAME = "$(TARGET_NAME)";
				REGISTER_APP_GROUPS = YES;
				STRING_CATALOG_GENERATE_SYMBOLS = YES;
				SWIFT_APPROACHABLE_CONCURRENCY = YES;
				SWIFT_DEFAULT_ACTOR_ISOLATION = MainActor;
				SWIFT_EMIT_LOC_STRINGS = YES;
				SWIFT_UPCOMING_FEATURE_MEMBER_IMPORT_VISIBILITY = YES;
				SWIFT_VERSION = 5.0;
			};
			name = Debug;
		};
		620B15032FCF75290090AFAB /* Release */ = {
			isa = XCBuildConfiguration;
			baseConfigurationReferenceAnchor = 620B14E22FCF75280090AFAB /* Astro */;
			baseConfigurationReferenceRelativePath = resources/ConfigRelease.xcconfig;
			buildSettings = {
				ASSETCATALOG_COMPILER_APPICON_NAME = AppIcon;
				ASSETCATALOG_COMPILER_GLOBAL_ACCENT_COLOR_NAME = AccentColor;
				CODE_SIGN_STYLE = Automatic;
				COMBINE_HIDPI_IMAGES = YES;
				CURRENT_PROJECT_VERSION = 1;
				DEVELOPMENT_TEAM = LLT44AL679;
				ENABLE_APP_SANDBOX = YES;
				ENABLE_HARDENED_RUNTIME = YES;
				ENABLE_PREVIEWS = YES;
				ENABLE_USER_SELECTED_FILES = readonly;
				GENERATE_INFOPLIST_FILE = YES;
				INFOPLIST_FILE = Astro/Info.plist;
				INFOPLIST_KEY_LSApplicationCategoryType = "public.app-category.news";
				INFOPLIST_KEY_NSHumanReadableCopyright = "";
				LD_RUNPATH_SEARCH_PATHS = (
					"$(inherited)",
					"@executable_path/../Frameworks",
				);
				MACOSX_DEPLOYMENT_TARGET = 26.0;
				MARKETING_VERSION = 1.0;
				PRODUCT_BUNDLE_IDENTIFIER = com.mlr.Astro;
				PRODUCT_NAME = "$(TARGET_NAME)";
				REGISTER_APP_GROUPS = YES;
				STRING_CATALOG_GENERATE_SYMBOLS = YES;
				SWIFT_APPROACHABLE_CONCURRENCY = YES;
				SWIFT_DEFAULT_ACTOR_ISOLATION = MainActor;
				SWIFT_EMIT_LOC_STRINGS = YES;
				SWIFT_UPCOMING_FEATURE_MEMBER_IMPORT_VISIBILITY = YES;
				SWIFT_VERSION = 5.0;
			};
			name = Release;
		};
		620B15052FCF75290090AFAB /* Debug */ = {
			isa = XCBuildConfiguration;
			baseConfigurationReferenceAnchor = 620B14E22FCF75280090AFAB /* Astro */;
			baseConfigurationReferenceRelativePath = resources/ConfigDev.xcconfig;
			buildSettings = {
				BUNDLE_LOADER = "$(TEST_HOST)";
				CODE_SIGN_STYLE = Automatic;
				CURRENT_PROJECT_VERSION = 1;
				DEVELOPMENT_TEAM = LLT44AL679;
				GENERATE_INFOPLIST_FILE = YES;
				MACOSX_DEPLOYMENT_TARGET = 26.5;
				MARKETING_VERSION = 1.0;
				PRODUCT_BUNDLE_IDENTIFIER = com.mlr.AstroTests;
				PRODUCT_NAME = "$(TARGET_NAME)";
				STRING_CATALOG_GENERATE_SYMBOLS = NO;
				SWIFT_APPROACHABLE_CONCURRENCY = YES;
				SWIFT_EMIT_LOC_STRINGS = NO;
				SWIFT_UPCOMING_FEATURE_MEMBER_IMPORT_VISIBILITY = YES;
				SWIFT_VERSION = 5.0;
				TEST_HOST = "$(BUILT_PRODUCTS_DIR)/Astro.app/$(BUNDLE_EXECUTABLE_FOLDER_PATH)/Astro";
			};
			name = Debug;
		};
		620B15062FCF75290090AFAB /* Release */ = {
			isa = XCBuildConfiguration;
			baseConfigurationReferenceAnchor = 620B14E22FCF75280090AFAB /* Astro */;
			baseConfigurationReferenceRelativePath = resources/ConfigRelease.xcconfig;
			buildSettings = {
				BUNDLE_LOADER = "$(TEST_HOST)";
				CODE_SIGN_STYLE = Automatic;
				CURRENT_PROJECT_VERSION = 1;
				DEVELOPMENT_TEAM = LLT44AL679;
				GENERATE_INFOPLIST_FILE = YES;
				MACOSX_DEPLOYMENT_TARGET = 26.5;
				MARKETING_VERSION = 1.0;
				PRODUCT_BUNDLE_IDENTIFIER = com.mlr.AstroTests;
				PRODUCT_NAME = "$(TARGET_NAME)";
				STRING_CATALOG_GENERATE_SYMBOLS = NO;
				SWIFT_APPROACHABLE_CONCURRENCY = YES;
				SWIFT_EMIT_LOC_STRINGS = NO;
				SWIFT_UPCOMING_FEATURE_MEMBER_IMPORT_VISIBILITY = YES;
				SWIFT_VERSION = 5.0;
				TEST_HOST = "$(BUILT_PRODUCTS_DIR)/Astro.app/$(BUNDLE_EXECUTABLE_FOLDER_PATH)/Astro";
			};
			name = Release;
		};
		620B15082FCF75290090AFAB /* Debug */ = {
			isa = XCBuildConfiguration;
			baseConfigurationReferenceAnchor = 620B14E22FCF75280090AFAB /* Astro */;
			baseConfigurationReferenceRelativePath = resources/ConfigDev.xcconfig;
			buildSettings = {
				CODE_SIGN_STYLE = Automatic;
				CURRENT_PROJECT_VERSION = 1;
				DEVELOPMENT_TEAM = LLT44AL679;
				GENERATE_INFOPLIST_FILE = YES;
				MARKETING_VERSION = 1.0;
				PRODUCT_BUNDLE_IDENTIFIER = com.mlr.AstroUITests;
				PRODUCT_NAME = "$(TARGET_NAME)";
				STRING_CATALOG_GENERATE_SYMBOLS = NO;
				SWIFT_APPROACHABLE_CONCURRENCY = YES;
				SWIFT_EMIT_LOC_STRINGS = NO;
				SWIFT_UPCOMING_FEATURE_MEMBER_IMPORT_VISIBILITY = YES;
				SWIFT_VERSION = 5.0;
				TEST_TARGET_NAME = Astro;
			};
			name = Debug;
		};
		620B15092FCF75290090AFAB /* Release */ = {
			isa = XCBuildConfiguration;
			baseConfigurationReferenceAnchor = 620B14E22FCF75280090AFAB /* Astro */;
			baseConfigurationReferenceRelativePath = resources/ConfigRelease.xcconfig;
			buildSettings = {
				CODE_SIGN_STYLE = Automatic;
				CURRENT_PROJECT_VERSION = 1;
				DEVELOPMENT_TEAM = LLT44AL679;
				GENERATE_INFOPLIST_FILE = YES;
				MARKETING_VERSION = 1.0;
				PRODUCT_BUNDLE_IDENTIFIER = com.mlr.AstroUITests;
				PRODUCT_NAME = "$(TARGET_NAME)";
				STRING_CATALOG_GENERATE_SYMBOLS = NO;
				SWIFT_APPROACHABLE_CONCURRENCY = YES;
				SWIFT_EMIT_LOC_STRINGS = NO;
				SWIFT_UPCOMING_FEATURE_MEMBER_IMPORT_VISIBILITY = YES;
				SWIFT_VERSION = 5.0;
				TEST_TARGET_NAME = Astro;
			};
			name = Release;
		};
/* End XCBuildConfiguration section */

/* Begin XCConfigurationList section */
		620B14DB2FCF75280090AFAB /* Build configuration list for PBXProject "Astro" */ = {
			isa = XCConfigurationList;
			buildConfigurations = (
				620B14FF2FCF75290090AFAB /* Debug */,
				620B15002FCF75290090AFAB /* Release */,
			);
			defaultConfigurationIsVisible = 0;
			defaultConfigurationName = Release;
		};
		620B15012FCF75290090AFAB /* Build configuration list for PBXNativeTarget "Astro" */ = {
			isa = XCConfigurationList;
			buildConfigurations = (
				620B15022FCF75290090AFAB /* Debug */,
				620B15032FCF75290090AFAB /* Release */,
			);
			defaultConfigurationIsVisible = 0;
			defaultConfigurationName = Release;
		};
		620B15042FCF75290090AFAB /* Build configuration list for PBXNativeTarget "AstroTests" */ = {
			isa = XCConfigurationList;
			buildConfigurations = (
				620B15052FCF75290090AFAB /* Debug */,
				620B15062FCF75290090AFAB /* Release */,
			);
			defaultConfigurationIsVisible = 0;
			defaultConfigurationName = Release;
		};
		620B15072FCF75290090AFAB /* Build configuration list for PBXNativeTarget "AstroUITests" */ = {
			isa = XCConfigurationList;
			buildConfigurations = (
				620B15082FCF75290090AFAB /* Debug */,
				620B15092FCF75290090AFAB /* Release */,
			);
			defaultConfigurationIsVisible = 0;
			defaultConfigurationName = Release;
		};
/* End XCConfigurationList section */

/* Begin XCRemoteSwiftPackageReference section */
		620B153D2FD054A30090AFAB /* XCRemoteSwiftPackageReference "supabase-swift" */ = {
			isa = XCRemoteSwiftPackageReference;
			repositoryURL = "https://github.com/supabase/supabase-swift";
			requirement = {
				kind = upToNextMajorVersion;
				minimumVersion = 2.5.1;
			};
		};
		620B15462FD055600090AFAB /* XCRemoteSwiftPackageReference "apollo-ios" */ = {
			isa = XCRemoteSwiftPackageReference;
			repositoryURL = "https://github.com/apollographql/apollo-ios.git";
			requirement = {
				kind = upToNextMajorVersion;
				minimumVersion = 2.1.2;
			};
		};
/* End XCRemoteSwiftPackageReference section */

/* Begin XCSwiftPackageProductDependency section */
		620B153E2FD054A30090AFAB /* Auth */ = {
			isa = XCSwiftPackageProductDependency;
			package = 620B153D2FD054A30090AFAB /* XCRemoteSwiftPackageReference "supabase-swift" */;
			productName = Auth;
		};
		620B15402FD054A30090AFAB /* PostgREST */ = {
			isa = XCSwiftPackageProductDependency;
			package = 620B153D2FD054A30090AFAB /* XCRemoteSwiftPackageReference "supabase-swift" */;
			productName = PostgREST;
		};
		620B15422FD054A30090AFAB /* Storage */ = {
			isa = XCSwiftPackageProductDependency;
			package = 620B153D2FD054A30090AFAB /* XCRemoteSwiftPackageReference "supabase-swift" */;
			productName = Storage;
		};
		620B15442FD054A30090AFAB /* Supabase */ = {
			isa = XCSwiftPackageProductDependency;
			package = 620B153D2FD054A30090AFAB /* XCRemoteSwiftPackageReference "supabase-swift" */;
			productName = Supabase;
		};
		620B15472FD055600090AFAB /* Apollo */ = {
			isa = XCSwiftPackageProductDependency;
			package = 620B15462FD055600090AFAB /* XCRemoteSwiftPackageReference "apollo-ios" */;
			productName = Apollo;
		};
/* End XCSwiftPackageProductDependency section */
	};
	rootObject = 620B14D82FCF75280090AFAB /* Project object */;
}
